// !$*UTF8*$!
{
	archiveVersion = 1;
	classes = {
	};
	objectVersion = 56;
	objects = {

/* Begin PBXBuildFile section */
		540A1B9F2A5E8DA20057E0B2 /* todoapp.swift in Sources */ = {isa = PBXBuildFile; fileRef = 540A1B9E2A5E8DA20057E0B2 /* todoapp.swift */; };
		540A1BA12A5E90470057E0B2 /* dayapp.swift in Sources */ = {isa = PBXBuildFile; fileRef = 540A1BA02A5E90470057E0B2 /* dayapp.swift */; };
		540A1BA52A5EB39A0057E0B2 /* chartwidget.swift in Sources */ = {isa = PBXBuildFile; fileRef = 540A1BA42A5EB39A0057E0B2 /* chartwidget.swift */; };
		540A1BA72A5EB9920057E0B2 /* TabEnvironment.swift in Sources */ = {isa = PBXBuildFile; fileRef = 540A1BA62A5EB9920057E0B2 /* TabEnvironment.swift */; };
		540A1BAB2A5EC2180057E0B2 /* WordWindow.swift in Sources */ = {isa = PBXBuildFile; fileRef = 540A1BAA2A5EC2180057E0B2 /* WordWindow.swift */; };
		54288C392A972F4C00CFB23A /* OffsetKey.swift in Sources */ = {isa = PBXBuildFile; fileRef = 54288C382A972F4C00CFB23A /* OffsetKey.swift */; };
		544AEDFC2A4C3D5F00E4207D /* Scroll.swift in Sources */ = {isa = PBXBuildFile; fileRef = 544AEDFB2A4C3D5F00E4207D /* Scroll.swift */; };
		544AEDFF2A5543FC00E4207D /* TimerView.swift in Sources */ = {isa = PBXBuildFile; fileRef = 544AEDFE2A5543FB00E4207D /* TimerView.swift */; };
		544AEE022A55474C00E4207D /* timerapp.swift in Sources */ = {isa = PBXBuildFile; fileRef = 544AEE012A55474C00E4207D /* timerapp.swift */; };
		544AEE042A5557C200E4207D /* chartapp.swift in Sources */ = {isa = PBXBuildFile; fileRef = 544AEE032A5557C200E4207D /* chartapp.swift */; };
		544AEE062A55599400E4207D /* wordapp.swift in Sources */ = {isa = PBXBuildFile; fileRef = 544AEE052A55599400E4207D /* wordapp.swift */; };
		544AEE082A556FC200E4207D /* questionView.swift in Sources */ = {isa = PBXBuildFile; fileRef = 544AEE072A556FC200E4207D /* questionView.swift */; };
		544AEE0A2A5582BE00E4207D /* workbookresult.swift in Sources */ = {isa = PBXBuildFile; fileRef = 544AEE092A5582BE00E4207D /* workbookresult.swift */; };
		544AEE0C2A55855100E4207D /* WorkbookHome.swift in Sources */ = {isa = PBXBuildFile; fileRef = 544AEE0B2A55855100E4207D /* WorkbookHome.swift */; };
		547918EA2A95A944009B9963 /* TimerModel.swift in Sources */ = {isa = PBXBuildFile; fileRef = 547918E92A95A944009B9963 /* TimerModel.swift */; };
		54A783A02A95D62C00E9AB1A /* Scheduleview.swift in Sources */ = {isa = PBXBuildFile; fileRef = 54A7839F2A95D62C00E9AB1A /* Scheduleview.swift */; };
		54A9B1042A430B20008227C7 /* ClockSmall.swift in Sources */ = {isa = PBXBuildFile; fileRef = 54A9B1032A430B20008227C7 /* ClockSmall.swift */; };
		54A9B10C2A43132B008227C7 /* CountdownS.swift in Sources */ = {isa = PBXBuildFile; fileRef = 54A9B10B2A43132B008227C7 /* CountdownS.swift */; };
		54B969E42A70085A00258871 /* TodoItem.swift in Sources */ = {isa = PBXBuildFile; fileRef = 54B969E32A70085900258871 /* TodoItem.swift */; };
		54C1D7142A9743C1000AB6AE /* TaskRowView.swift in Sources */ = {isa = PBXBuildFile; fileRef = 54C1D7132A9743C1000AB6AE /* TaskRowView.swift */; };
		54C1D7162A9766D3000AB6AE /* NewTaskView.swift in Sources */ = {isa = PBXBuildFile; fileRef = 54C1D7152A9766D3000AB6AE /* NewTaskView.swift */; };
		54C1D71A2A984183000AB6AE /* TasksView.swift in Sources */ = {isa = PBXBuildFile; fileRef = 54C1D7192A984183000AB6AE /* TasksView.swift */; };
		54C1D71E2A9B853B000AB6AE /* SwiftUIView.swift in Sources */ = {isa = PBXBuildFile; fileRef = 54C1D71D2A9B853B000AB6AE /* SwiftUIView.swift */; };
		54C1D7202A9F2249000AB6AE /* Workbookmodel.swift in Sources */ = {isa = PBXBuildFile; fileRef = 54C1D71F2A9F2249000AB6AE /* Workbookmodel.swift */; };
		54C1D7222A9F33E2000AB6AE /* questionList.swift in Sources */ = {isa = PBXBuildFile; fileRef = 54C1D7212A9F33E2000AB6AE /* questionList.swift */; };
		54C1D7242AA1F596000AB6AE /* Model.swift in Sources */ = {isa = PBXBuildFile; fileRef = 54C1D7232AA1F595000AB6AE /* Model.swift */; };
		54C1D7262AA20BD1000AB6AE /* questionItem.swift in Sources */ = {isa = PBXBuildFile; fileRef = 54C1D7252AA20BD1000AB6AE /* questionItem.swift */; };
		54D97A9F2A96124700608E9F /* ScheduleModel.swift in Sources */ = {isa = PBXBuildFile; fileRef = 54D97A9E2A96124700608E9F /* ScheduleModel.swift */; };
		54D97AA12A96156C00608E9F /* View+Extensions (Schedule).swift in Sources */ = {isa = PBXBuildFile; fileRef = 54D97AA02A96156C00608E9F /* View+Extensions (Schedule).swift */; };
		54D97AA32A96167200608E9F /* ScheduleHome.swift in Sources */ = {isa = PBXBuildFile; fileRef = 54D97AA22A96167200608E9F /* ScheduleHome.swift */; };
		54D97AA52A9617B100608E9F /* Date+Extension(Schedule).swift in Sources */ = {isa = PBXBuildFile; fileRef = 54D97AA42A9617B100608E9F /* Date+Extension(Schedule).swift */; };
		54EE0A732A7A292600A9DA5E /* TodoList.swift in Sources */ = {isa = PBXBuildFile; fileRef = 54EE0A722A7A292600A9DA5E /* TodoList.swift */; };
		54EE0A752A7A35B800A9DA5E /* AddTodo.swift in Sources */ = {isa = PBXBuildFile; fileRef = 54EE0A742A7A35B800A9DA5E /* AddTodo.swift */; };
		54EE0A792A7A553A00A9DA5E /* CountDownSetting.swift in Sources */ = {isa = PBXBuildFile; fileRef = 54EE0A782A7A553A00A9DA5E /* CountDownSetting.swift */; };
		54EE0A7B2A7A747200A9DA5E /* workbookItem.swift in Sources */ = {isa = PBXBuildFile; fileRef = 54EE0A7A2A7A747200A9DA5E /* workbookItem.swift */; };
		54EE0A7D2A93692600A9DA5E /* workbookaddview.swift in Sources */ = {isa = PBXBuildFile; fileRef = 54EE0A7C2A93692600A9DA5E /* workbookaddview.swift */; };
		54F6248B2A1E22E5006C5474 /* StudyAppApp.swift in Sources */ = {isa = PBXBuildFile; fileRef = 54F6248A2A1E22E5006C5474 /* StudyAppApp.swift */; };
		54F6248D2A1E22E5006C5474 /* ContentView.swift in Sources */ = {isa = PBXBuildFile; fileRef = 54F6248C2A1E22E5006C5474 /* ContentView.swift */; };
		54F6248F2A1E22E9006C5474 /* Assets.xcassets in Resources */ = {isa = PBXBuildFile; fileRef = 54F6248E2A1E22E9006C5474 /* Assets.xcassets */; };
		54F624922A1E22E9006C5474 /* Preview Assets.xcassets in Resources */ = {isa = PBXBuildFile; fileRef = 54F624912A1E22E9006C5474 /* Preview Assets.xcassets */; };
		54F6249C2A1E22E9006C5474 /* StudyAppTests.swift in Sources */ = {isa = PBXBuildFile; fileRef = 54F6249B2A1E22E9006C5474 /* StudyAppTests.swift */; };
		54F624A62A1E22E9006C5474 /* StudyAppUITests.swift in Sources */ = {isa = PBXBuildFile; fileRef = 54F624A52A1E22E9006C5474 /* StudyAppUITests.swift */; };
		54F624A82A1E22E9006C5474 /* StudyAppUITestsLaunchTests.swift in Sources */ = {isa = PBXBuildFile; fileRef = 54F624A72A1E22E9006C5474 /* StudyAppUITestsLaunchTests.swift */; };
		54F624B72A2744EC006C5474 /* clockWidget.swift in Sources */ = {isa = PBXBuildFile; fileRef = 54F624B62A2744EC006C5474 /* clockWidget.swift */; };
		54F624BB2A274771006C5474 /* TabButton1.swift in Sources */ = {isa = PBXBuildFile; fileRef = 54F624BA2A274771006C5474 /* TabButton1.swift */; };
/* End PBXBuildFile section */

/* Begin PBXContainerItemProxy section */
		54F624982A1E22E9006C5474 /* PBXContainerItemProxy */ = {
			isa = PBXContainerItemProxy;
			containerPortal = 54F6247F2A1E22E5006C5474 /* Project object */;
			proxyType = 1;
			remoteGlobalIDString = 54F624862A1E22E5006C5474;
			remoteInfo = StudyApp;
		};
		54F624A22A1E22E9006C5474 /* PBXContainerItemProxy */ = {
			isa = PBXContainerItemProxy;
			containerPortal = 54F6247F2A1E22E5006C5474 /* Project object */;
			proxyType = 1;
			remoteGlobalIDString = 54F624862A1E22E5006C5474;
			remoteInfo = StudyApp;
		};
/* End PBXContainerItemProxy section */

/* Begin PBXFileReference section */
		540A1B9E2A5E8DA20057E0B2 /* todoapp.swift */ = {isa = PBXFileReference; lastKnownFileType = sourcecode.swift; path = todoapp.swift; sourceTree = "<group>"; };
		540A1BA02A5E90470057E0B2 /* dayapp.swift */ = {isa = PBXFileReference; lastKnownFileType = sourcecode.swift; path = dayapp.swift; sourceTree = "<group>"; };
		540A1BA42A5EB39A0057E0B2 /* chartwidget.swift */ = {isa = PBXFileReference; lastKnownFileType = sourcecode.swift; path = chartwidget.swift; sourceTree = "<group>"; };
		540A1BA62A5EB9920057E0B2 /* TabEnvironment.swift */ = {isa = PBXFileReference; lastKnownFileType = sourcecode.swift; path = TabEnvironment.swift; sourceTree = "<group>"; };
		540A1BAA2A5EC2180057E0B2 /* WordWindow.swift */ = {isa = PBXFileReference; lastKnownFileType = sourcecode.swift; path = WordWindow.swift; sourceTree = "<group>"; };
		54288C382A972F4C00CFB23A /* OffsetKey.swift */ = {isa = PBXFileReference; lastKnownFileType = sourcecode.swift; path = OffsetKey.swift; sourceTree = "<group>"; };
		544AEDFB2A4C3D5F00E4207D /* Scroll.swift */ = {isa = PBXFileReference; lastKnownFileType = sourcecode.swift; path = Scroll.swift; sourceTree = "<group>"; };
		544AEDFE2A5543FB00E4207D /* TimerView.swift */ = {isa = PBXFileReference; lastKnownFileType = sourcecode.swift; path = TimerView.swift; sourceTree = "<group>"; };
		544AEE012A55474C00E4207D /* timerapp.swift */ = {isa = PBXFileReference; lastKnownFileType = sourcecode.swift; path = timerapp.swift; sourceTree = "<group>"; };
		544AEE032A5557C200E4207D /* chartapp.swift */ = {isa = PBXFileReference; lastKnownFileType = sourcecode.swift; path = chartapp.swift; sourceTree = "<group>"; };
		544AEE052A55599400E4207D /* wordapp.swift */ = {isa = PBXFileReference; lastKnownFileType = sourcecode.swift; path = wordapp.swift; sourceTree = "<group>"; };
		544AEE072A556FC200E4207D /* questionView.swift */ = {isa = PBXFileReference; lastKnownFileType = sourcecode.swift; path = questionView.swift; sourceTree = "<group>"; };
		544AEE092A5582BE00E4207D /* workbookresult.swift */ = {isa = PBXFileReference; lastKnownFileType = sourcecode.swift; path = workbookresult.swift; sourceTree = "<group>"; };
		544AEE0B2A55855100E4207D /* WorkbookHome.swift */ = {isa = PBXFileReference; lastKnownFileType = sourcecode.swift; path = WorkbookHome.swift; sourceTree = "<group>"; };
		547918E92A95A944009B9963 /* TimerModel.swift */ = {isa = PBXFileReference; lastKnownFileType = sourcecode.swift; path = TimerModel.swift; sourceTree = "<group>"; };
		54A7839F2A95D62C00E9AB1A /* Scheduleview.swift */ = {isa = PBXFileReference; lastKnownFileType = sourcecode.swift; path = Scheduleview.swift; sourceTree = "<group>"; };
		54A9B1032A430B20008227C7 /* ClockSmall.swift */ = {isa = PBXFileReference; lastKnownFileType = sourcecode.swift; path = ClockSmall.swift; sourceTree = "<group>"; };
		54A9B10B2A43132B008227C7 /* CountdownS.swift */ = {isa = PBXFileReference; lastKnownFileType = sourcecode.swift; path = CountdownS.swift; sourceTree = "<group>"; };
		54B969E32A70085900258871 /* TodoItem.swift */ = {isa = PBXFileReference; lastKnownFileType = sourcecode.swift; path = TodoItem.swift; sourceTree = "<group>"; };
		54C1D7132A9743C1000AB6AE /* TaskRowView.swift */ = {isa = PBXFileReference; lastKnownFileType = sourcecode.swift; path = TaskRowView.swift; sourceTree = "<group>"; };
		54C1D7152A9766D3000AB6AE /* NewTaskView.swift */ = {isa = PBXFileReference; lastKnownFileType = sourcecode.swift; path = NewTaskView.swift; sourceTree = "<group>"; };
		54C1D7192A984183000AB6AE /* TasksView.swift */ = {isa = PBXFileReference; lastKnownFileType = sourcecode.swift; path = TasksView.swift; sourceTree = "<group>"; };
		54C1D71D2A9B853B000AB6AE /* SwiftUIView.swift */ = {isa = PBXFileReference; lastKnownFileType = sourcecode.swift; path = SwiftUIView.swift; sourceTree = "<group>"; };
		54C1D71F2A9F2249000AB6AE /* Workbookmodel.swift */ = {isa = PBXFileReference; lastKnownFileType = sourcecode.swift; path = Workbookmodel.swift; sourceTree = "<group>"; };
		54C1D7212A9F33E2000AB6AE /* questionList.swift */ = {isa = PBXFileReference; lastKnownFileType = sourcecode.swift; path = questionList.swift; sourceTree = "<group>"; };
		54C1D7232AA1F595000AB6AE /* Model.swift */ = {isa = PBXFileReference; lastKnownFileType = sourcecode.swift; path = Model.swift; sourceTree = "<group>"; };
		54C1D7252AA20BD1000AB6AE /* questionItem.swift */ = {isa = PBXFileReference; lastKnownFileType = sourcecode.swift; path = questionItem.swift; sourceTree = "<group>"; };
		54D97A9E2A96124700608E9F /* ScheduleModel.swift */ = {isa = PBXFileReference; lastKnownFileType = sourcecode.swift; path = ScheduleModel.swift; sourceTree = "<group>"; };
		54D97AA02A96156C00608E9F /* View+Extensions (Schedule).swift */ = {isa = PBXFileReference; lastKnownFileType = sourcecode.swift; path = "View+Extensions (Schedule).swift"; sourceTree = "<group>"; };
		54D97AA22A96167200608E9F /* ScheduleHome.swift */ = {isa = PBXFileReference; lastKnownFileType = sourcecode.swift; path = ScheduleHome.swift; sourceTree = "<group>"; };
		54D97AA42A9617B100608E9F /* Date+Extension(Schedule).swift */ = {isa = PBXFileReference; lastKnownFileType = sourcecode.swift; path = "Date+Extension(Schedule).swift"; sourceTree = "<group>"; };
		54EE0A722A7A292600A9DA5E /* TodoList.swift */ = {isa = PBXFileReference; lastKnownFileType = sourcecode.swift; path = TodoList.swift; sourceTree = "<group>"; };
		54EE0A742A7A35B800A9DA5E /* AddTodo.swift */ = {isa = PBXFileReference; lastKnownFileType = sourcecode.swift; path = AddTodo.swift; sourceTree = "<group>"; };
		54EE0A782A7A553A00A9DA5E /* CountDownSetting.swift */ = {isa = PBXFileReference; lastKnownFileType = sourcecode.swift; path = CountDownSetting.swift; sourceTree = "<group>"; };
		54EE0A7A2A7A747200A9DA5E /* workbookItem.swift */ = {isa = PBXFileReference; lastKnownFileType = sourcecode.swift; path = workbookItem.swift; sourceTree = "<group>"; };
		54EE0A7C2A93692600A9DA5E /* workbookaddview.swift */ = {isa = PBXFileReference; lastKnownFileType = sourcecode.swift; path = workbookaddview.swift; sourceTree = "<group>"; };
		54F624872A1E22E5006C5474 /* StudyApp.app */ = {isa = PBXFileReference; explicitFileType = wrapper.application; includeInIndex = 0; path = StudyApp.app; sourceTree = BUILT_PRODUCTS_DIR; };
		54F6248A2A1E22E5006C5474 /* StudyAppApp.swift */ = {isa = PBXFileReference; lastKnownFileType = sourcecode.swift; path = StudyAppApp.swift; sourceTree = "<group>"; };
		54F6248C2A1E22E5006C5474 /* ContentView.swift */ = {isa = PBXFileReference; lastKnownFileType = sourcecode.swift; path = ContentView.swift; sourceTree = "<group>"; };
		54F6248E2A1E22E9006C5474 /* Assets.xcassets */ = {isa = PBXFileReference; lastKnownFileType = folder.assetcatalog; path = Assets.xcassets; sourceTree = "<group>"; };
		54F624912A1E22E9006C5474 /* Preview Assets.xcassets */ = {isa = PBXFileReference; lastKnownFileType = folder.assetcatalog; path = "Preview Assets.xcassets"; sourceTree = "<group>"; };
		54F624972A1E22E9006C5474 /* StudyAppTests.xctest */ = {isa = PBXFileReference; explicitFileType = wrapper.cfbundle; includeInIndex = 0; path = StudyAppTests.xctest; sourceTree = BUILT_PRODUCTS_DIR; };
		54F6249B2A1E22E9006C5474 /* StudyAppTests.swift */ = {isa = PBXFileReference; lastKnownFileType = sourcecode.swift; path = StudyAppTests.swift; sourceTree = "<group>"; };
		54F624A12A1E22E9006C5474 /* StudyAppUITests.xctest */ = {isa = PBXFileReference; explicitFileType = wrapper.cfbundle; includeInIndex = 0; path = StudyAppUITests.xctest; sourceTree = BUILT_PRODUCTS_DIR; };
		54F624A52A1E22E9006C5474 /* StudyAppUITests.swift */ = {isa = PBXFileReference; lastKnownFileType = sourcecode.swift; path = StudyAppUITests.swift; sourceTree = "<group>"; };
		54F624A72A1E22E9006C5474 /* StudyAppUITestsLaunchTests.swift */ = {isa = PBXFileReference; lastKnownFileType = sourcecode.swift; path = StudyAppUITestsLaunchTests.swift; sourceTree = "<group>"; };
		54F624B62A2744EC006C5474 /* clockWidget.swift */ = {isa = PBXFileReference; lastKnownFileType = sourcecode.swift; path = clockWidget.swift; sourceTree = "<group>"; };
		54F624BA2A274771006C5474 /* TabButton1.swift */ = {isa = PBXFileReference; lastKnownFileType = sourcecode.swift; path = TabButton1.swift; sourceTree = "<group>"; };
/* End PBXFileReference section */

/* Begin PBXFrameworksBuildPhase section */
		54F624842A1E22E5006C5474 /* Frameworks */ = {
			isa = PBXFrameworksBuildPhase;
			buildActionMask = 2147483647;
			files = (
			);
			runOnlyForDeploymentPostprocessing = 0;
		};
		54F624942A1E22E9006C5474 /* Frameworks */ = {
			isa = PBXFrameworksBuildPhase;
			buildActionMask = 2147483647;
			files = (
			);
			runOnlyForDeploymentPostprocessing = 0;
		};
		54F6249E2A1E22E9006C5474 /* Frameworks */ = {
			isa = PBXFrameworksBuildPhase;
			buildActionMask = 2147483647;
			files = (
			);
			runOnlyForDeploymentPostprocessing = 0;
		};
/* End PBXFrameworksBuildPhase section */

/* Begin PBXGroup section */
		544AEDFD2A55436A00E4207D /* Timer */ = {
			isa = PBXGroup;
			children = (
				544AEDFE2A5543FB00E4207D /* TimerView.swift */,
				547918E92A95A944009B9963 /* TimerModel.swift */,
			);
			path = Timer;
			sourceTree = "<group>";
		};
		544AEE002A55473000E4207D /* miniapp */ = {
			isa = PBXGroup;
			children = (
				544AEE012A55474C00E4207D /* timerapp.swift */,
				540A1BA02A5E90470057E0B2 /* dayapp.swift */,
				540A1B9E2A5E8DA20057E0B2 /* todoapp.swift */,
				544AEE032A5557C200E4207D /* chartapp.swift */,
				544AEE052A55599400E4207D /* wordapp.swift */,
			);
			path = miniapp;
			sourceTree = "<group>";
		};
		545C2D122A3098C800AC1B50 /* Work Books */ = {
			isa = PBXGroup;
			children = (
				544AEE0B2A55855100E4207D /* WorkbookHome.swift */,
				54C1D7212A9F33E2000AB6AE /* questionList.swift */,
				54C1D7252AA20BD1000AB6AE /* questionItem.swift */,
				54EE0A7C2A93692600A9DA5E /* workbookaddview.swift */,
				54C1D71F2A9F2249000AB6AE /* Workbookmodel.swift */,
				54EE0A7A2A7A747200A9DA5E /* workbookItem.swift */,
				544AEE072A556FC200E4207D /* questionView.swift */,
				544AEE092A5582BE00E4207D /* workbookresult.swift */,
			);
			path = "Work Books";
			sourceTree = "<group>";
		};
		547918E12A949298009B9963 /* Schedule */ = {
			isa = PBXGroup;
			children = (
				54A7839F2A95D62C00E9AB1A /* Scheduleview.swift */,
				54D97AA22A96167200608E9F /* ScheduleHome.swift */,
				54C1D7192A984183000AB6AE /* TasksView.swift */,
				54C1D7172A976850000AB6AE /* Task Materials */,
				54C1D7182A97686C000AB6AE /* Extension of schedule */,
				54288C382A972F4C00CFB23A /* OffsetKey.swift */,
			);
			path = Schedule;
			sourceTree = "<group>";
		};
		54A9B1002A4309C1008227C7 /* Clock(Timer) */ = {
			isa = PBXGroup;
			children = (
				54F624B62A2744EC006C5474 /* clockWidget.swift */,
				54A9B1032A430B20008227C7 /* ClockSmall.swift */,
			);
			path = "Clock(Timer)";
			sourceTree = "<group>";
		};
		54A9B1052A430EEC008227C7 /* Todo */ = {
			isa = PBXGroup;
			children = (
				54B969E32A70085900258871 /* TodoItem.swift */,
				54EE0A722A7A292600A9DA5E /* TodoList.swift */,
				54EE0A742A7A35B800A9DA5E /* AddTodo.swift */,
			);
			path = Todo;
			sourceTree = "<group>";
		};
		54A9B1062A430F07008227C7 /* Word */ = {
			isa = PBXGroup;
			children = (
				540A1BAA2A5EC2180057E0B2 /* WordWindow.swift */,
			);
			path = Word;
			sourceTree = "<group>";
		};
		54A9B1072A430F51008227C7 /* Chart */ = {
			isa = PBXGroup;
			children = (
				540A1BA42A5EB39A0057E0B2 /* chartwidget.swift */,
			);
			path = Chart;
			sourceTree = "<group>";
		};
		54A9B1082A430FF1008227C7 /* Days */ = {
			isa = PBXGroup;
			children = (
				54A9B10B2A43132B008227C7 /* CountdownS.swift */,
				54EE0A782A7A553A00A9DA5E /* CountDownSetting.swift */,
			);
			path = Days;
			sourceTree = "<group>";
		};
		54C1D7172A976850000AB6AE /* Task Materials */ = {
			isa = PBXGroup;
			children = (
				54D97A9E2A96124700608E9F /* ScheduleModel.swift */,
				54C1D7132A9743C1000AB6AE /* TaskRowView.swift */,
				54C1D7152A9766D3000AB6AE /* NewTaskView.swift */,
			);
			path = "Task Materials";
			sourceTree = "<group>";
		};
		54C1D7182A97686C000AB6AE /* Extension of schedule */ = {
			isa = PBXGroup;
			children = (
				54D97AA02A96156C00608E9F /* View+Extensions (Schedule).swift */,
				54D97AA42A9617B100608E9F /* Date+Extension(Schedule).swift */,
			);
			path = "Extension of schedule";
			sourceTree = "<group>";
		};
		54F6247E2A1E22E5006C5474 = {
			isa = PBXGroup;
			children = (
				54F624892A1E22E5006C5474 /* StudyApp */,
				54F6249A2A1E22E9006C5474 /* StudyAppTests */,
				54F624A42A1E22E9006C5474 /* StudyAppUITests */,
				54F624882A1E22E5006C5474 /* Products */,
			);
			sourceTree = "<group>";
		};
		54F624882A1E22E5006C5474 /* Products */ = {
			isa = PBXGroup;
			children = (
				54F624872A1E22E5006C5474 /* StudyApp.app */,
				54F624972A1E22E9006C5474 /* StudyAppTests.xctest */,
				54F624A12A1E22E9006C5474 /* StudyAppUITests.xctest */,
			);
			name = Products;
			sourceTree = "<group>";
		};
		54F624892A1E22E5006C5474 /* StudyApp */ = {
			isa = PBXGroup;
			children = (
				54F6248A2A1E22E5006C5474 /* StudyAppApp.swift */,
				54F6248C2A1E22E5006C5474 /* ContentView.swift */,
				54C1D7232AA1F595000AB6AE /* Model.swift */,
				544AEDFB2A4C3D5F00E4207D /* Scroll.swift */,
				54C1D71D2A9B853B000AB6AE /* SwiftUIView.swift */,
				54F624B92A274739006C5474 /* TabBar */,
				544AEE002A55473000E4207D /* miniapp */,
				54F624B82A274635006C5474 /* contents */,
				54F6248E2A1E22E9006C5474 /* Assets.xcassets */,
				54F624902A1E22E9006C5474 /* Preview Content */,
			);
			path = StudyApp;
			sourceTree = "<group>";
		};
		54F624902A1E22E9006C5474 /* Preview Content */ = {
			isa = PBXGroup;
			children = (
				54F624912A1E22E9006C5474 /* Preview Assets.xcassets */,
			);
			path = "Preview Content";
			sourceTree = "<group>";
		};
		54F6249A2A1E22E9006C5474 /* StudyAppTests */ = {
			isa = PBXGroup;
			children = (
				54F6249B2A1E22E9006C5474 /* StudyAppTests.swift */,
			);
			path = StudyAppTests;
			sourceTree = "<group>";
		};
		54F624A42A1E22E9006C5474 /* StudyAppUITests */ = {
			isa = PBXGroup;
			children = (
				54F624A52A1E22E9006C5474 /* StudyAppUITests.swift */,
				54F624A72A1E22E9006C5474 /* StudyAppUITestsLaunchTests.swift */,
			);
			path = StudyAppUITests;
			sourceTree = "<group>";
		};
		54F624B82A274635006C5474 /* contents */ = {
			isa = PBXGroup;
			children = (
				545C2D122A3098C800AC1B50 /* Work Books */,
				54A9B1002A4309C1008227C7 /* Clock(Timer) */,
				544AEDFD2A55436A00E4207D /* Timer */,
				547918E12A949298009B9963 /* Schedule */,
				54A9B1072A430F51008227C7 /* Chart */,
				54A9B1062A430F07008227C7 /* Word */,
				54A9B1052A430EEC008227C7 /* Todo */,
				54A9B1082A430FF1008227C7 /* Days */,
			);
			path = contents;
			sourceTree = "<group>";
		};
		54F624B92A274739006C5474 /* TabBar */ = {
			isa = PBXGroup;
			children = (
				54F624BA2A274771006C5474 /* TabButton1.swift */,
				540A1BA62A5EB9920057E0B2 /* TabEnvironment.swift */,
			);
			path = TabBar;
			sourceTree = "<group>";
		};
/* End PBXGroup section */

/* Begin PBXNativeTarget section */
		54F624862A1E22E5006C5474 /* StudyApp */ = {
			isa = PBXNativeTarget;
			buildConfigurationList = 54F624AB2A1E22E9006C5474 /* Build configuration list for PBXNativeTarget "StudyApp" */;
			buildPhases = (
				54F624832A1E22E5006C5474 /* Sources */,
				54F624842A1E22E5006C5474 /* Frameworks */,
				54F624852A1E22E5006C5474 /* Resources */,
			);
			buildRules = (
			);
			dependencies = (
			);
			name = StudyApp;
			packageProductDependencies = (
			);
			productName = StudyApp;
			productReference = 54F624872A1E22E5006C5474 /* StudyApp.app */;
			productType = "com.apple.product-type.application";
		};
		54F624962A1E22E9006C5474 /* StudyAppTests */ = {
			isa = PBXNativeTarget;
			buildConfigurationList = 54F624AE2A1E22E9006C5474 /* Build configuration list for PBXNativeTarget "StudyAppTests" */;
			buildPhases = (
				54F624932A1E22E9006C5474 /* Sources */,
				54F624942A1E22E9006C5474 /* Frameworks */,
				54F624952A1E22E9006C5474 /* Resources */,
			);
			buildRules = (
			);
			dependencies = (
				54F624992A1E22E9006C5474 /* PBXTargetDependency */,
			);
			name = StudyAppTests;
			productName = StudyAppTests;
			productReference = 54F624972A1E22E9006C5474 /* StudyAppTests.xctest */;
			productType = "com.apple.product-type.bundle.unit-test";
		};
		54F624A02A1E22E9006C5474 /* StudyAppUITests */ = {
			isa = PBXNativeTarget;
			buildConfigurationList = 54F624B12A1E22E9006C5474 /* Build configuration list for PBXNativeTarget "StudyAppUITests" */;
			buildPhases = (
				54F6249D2A1E22E9006C5474 /* Sources */,
				54F6249E2A1E22E9006C5474 /* Frameworks */,
				54F6249F2A1E22E9006C5474 /* Resources */,
			);
			buildRules = (
			);
			dependencies = (
				54F624A32A1E22E9006C5474 /* PBXTargetDependency */,
			);
			name = StudyAppUITests;
			productName = StudyAppUITests;
			productReference = 54F624A12A1E22E9006C5474 /* StudyAppUITests.xctest */;
			productType = "com.apple.product-type.bundle.ui-testing";
		};
/* End PBXNativeTarget section */

/* Begin PBXProject section */
		54F6247F2A1E22E5006C5474 /* Project object */ = {
			isa = PBXProject;
			attributes = {
				BuildIndependentTargetsInParallel = 1;
				LastSwiftUpdateCheck = 1410;
				LastUpgradeCheck = 1500;
				TargetAttributes = {
					54F624862A1E22E5006C5474 = {
						CreatedOnToolsVersion = 14.1;
					};
					54F624962A1E22E9006C5474 = {
						CreatedOnToolsVersion = 14.1;
						TestTargetID = 54F624862A1E22E5006C5474;
					};
					54F624A02A1E22E9006C5474 = {
						CreatedOnToolsVersion = 14.1;
						TestTargetID = 54F624862A1E22E5006C5474;
					};
				};
			};
			buildConfigurationList = 54F624822A1E22E5006C5474 /* Build configuration list for PBXProject "StudyApp" */;
			compatibilityVersion = "Xcode 14.0";
			developmentRegion = en;
			hasScannedForEncodings = 0;
			knownRegions = (
				en,
				Base,
			);
			mainGroup = 54F6247E2A1E22E5006C5474;
			packageReferences = (
			);
			productRefGroup = 54F624882A1E22E5006C5474 /* Products */;
			projectDirPath = "";
			projectRoot = "";
			targets = (
				54F624862A1E22E5006C5474 /* StudyApp */,
				54F624962A1E22E9006C5474 /* StudyAppTests */,
				54F624A02A1E22E9006C5474 /* StudyAppUITests */,
			);
		};
/* End PBXProject section */

/* Begin PBXResourcesBuildPhase section */
		54F624852A1E22E5006C5474 /* Resources */ = {
			isa = PBXResourcesBuildPhase;
			buildActionMask = 2147483647;
			files = (
				54F624922A1E22E9006C5474 /* Preview Assets.xcassets in Resources */,
				54F6248F2A1E22E9006C5474 /* Assets.xcassets in Resources */,
			);
			runOnlyForDeploymentPostprocessing = 0;
		};
		54F624952A1E22E9006C5474 /* Resources */ = {
			isa = PBXResourcesBuildPhase;
			buildActionMask = 2147483647;
			files = (
			);
			runOnlyForDeploymentPostprocessing = 0;
		};
		54F6249F2A1E22E9006C5474 /* Resources */ = {
			isa = PBXResourcesBuildPhase;
			buildActionMask = 2147483647;
			files = (
			);
			runOnlyForDeploymentPostprocessing = 0;
		};
/* End PBXResourcesBuildPhase section */

/* Begin PBXSourcesBuildPhase section */
		54F624832A1E22E5006C5474 /* Sources */ = {
			isa = PBXSourcesBuildPhase;
			buildActionMask = 2147483647;
			files = (
				54EE0A7D2A93692600A9DA5E /* workbookaddview.swift in Sources */,
				54C1D7202A9F2249000AB6AE /* Workbookmodel.swift in Sources */,
				54C1D7162A9766D3000AB6AE /* NewTaskView.swift in Sources */,
				54C1D7262AA20BD1000AB6AE /* questionItem.swift in Sources */,
				544AEDFC2A4C3D5F00E4207D /* Scroll.swift in Sources */,
				54EE0A732A7A292600A9DA5E /* TodoList.swift in Sources */,
				54F624B72A2744EC006C5474 /* clockWidget.swift in Sources */,
				540A1BA52A5EB39A0057E0B2 /* chartwidget.swift in Sources */,
				547918EA2A95A944009B9963 /* TimerModel.swift in Sources */,
				540A1BAB2A5EC2180057E0B2 /* WordWindow.swift in Sources */,
				54EE0A7B2A7A747200A9DA5E /* workbookItem.swift in Sources */,
				54D97A9F2A96124700608E9F /* ScheduleModel.swift in Sources */,
				54288C392A972F4C00CFB23A /* OffsetKey.swift in Sources */,
				54F6248D2A1E22E5006C5474 /* ContentView.swift in Sources */,
				544AEE082A556FC200E4207D /* questionView.swift in Sources */,
				544AEE022A55474C00E4207D /* timerapp.swift in Sources */,
				54EE0A792A7A553A00A9DA5E /* CountDownSetting.swift in Sources */,
				54C1D7142A9743C1000AB6AE /* TaskRowView.swift in Sources */,
				54B969E42A70085A00258871 /* TodoItem.swift in Sources */,
				54F6248B2A1E22E5006C5474 /* StudyAppApp.swift in Sources */,
				54A783A02A95D62C00E9AB1A /* Scheduleview.swift in Sources */,
				54C1D71A2A984183000AB6AE /* TasksView.swift in Sources */,
				54D97AA12A96156C00608E9F /* View+Extensions (Schedule).swift in Sources */,
				540A1BA12A5E90470057E0B2 /* dayapp.swift in Sources */,
				54F624BB2A274771006C5474 /* TabButton1.swift in Sources */,
				54A9B1042A430B20008227C7 /* ClockSmall.swift in Sources */,
				54A9B10C2A43132B008227C7 /* CountdownS.swift in Sources */,
				544AEE0C2A55855100E4207D /* WorkbookHome.swift in Sources */,
				540A1BA72A5EB9920057E0B2 /* TabEnvironment.swift in Sources */,
				54D97AA32A96167200608E9F /* ScheduleHome.swift in Sources */,
				54C1D7222A9F33E2000AB6AE /* questionList.swift in Sources */,
				544AEDFF2A5543FC00E4207D /* TimerView.swift in Sources */,
				544AEE042A5557C200E4207D /* chartapp.swift in Sources */,
				544AEE0A2A5582BE00E4207D /* workbookresult.swift in Sources */,
				54C1D7242AA1F596000AB6AE /* Model.swift in Sources */,
				544AEE062A55599400E4207D /* wordapp.swift in Sources */,
				54D97AA52A9617B100608E9F /* Date+Extension(Schedule).swift in Sources */,
				54C1D71E2A9B853B000AB6AE /* SwiftUIView.swift in Sources */,
				54EE0A752A7A35B800A9DA5E /* AddTodo.swift in Sources */,
				540A1B9F2A5E8DA20057E0B2 /* todoapp.swift in Sources */,
			);
			runOnlyForDeploymentPostprocessing = 0;
		};
		54F624932A1E22E9006C5474 /* Sources */ = {
			isa = PBXSourcesBuildPhase;
			buildActionMask = 2147483647;
			files = (
				54F6249C2A1E22E9006C5474 /* StudyAppTests.swift in Sources */,
			);
			runOnlyForDeploymentPostprocessing = 0;
		};
		54F6249D2A1E22E9006C5474 /* Sources */ = {
			isa = PBXSourcesBuildPhase;
			buildActionMask = 2147483647;
			files = (
				54F624A82A1E22E9006C5474 /* StudyAppUITestsLaunchTests.swift in Sources */,
				54F624A62A1E22E9006C5474 /* StudyAppUITests.swift in Sources */,
			);
			runOnlyForDeploymentPostprocessing = 0;
		};
/* End PBXSourcesBuildPhase section */

/* Begin PBXTargetDependency section */
		54F624992A1E22E9006C5474 /* PBXTargetDependency */ = {
			isa = PBXTargetDependency;
			target = 54F624862A1E22E5006C5474 /* StudyApp */;
			targetProxy = 54F624982A1E22E9006C5474 /* PBXContainerItemProxy */;
		};
		54F624A32A1E22E9006C5474 /* PBXTargetDependency */ = {
			isa = PBXTargetDependency;
			target = 54F624862A1E22E5006C5474 /* StudyApp */;
			targetProxy = 54F624A22A1E22E9006C5474 /* PBXContainerItemProxy */;
		};
/* End PBXTargetDependency section */

/* Begin XCBuildConfiguration section */
		54F624A92A1E22E9006C5474 /* Debug */ = {
			isa = XCBuildConfiguration;
			buildSettings = {
				ALWAYS_SEARCH_USER_PATHS = NO;
				CLANG_ANALYZER_NONNULL = YES;
				CLANG_ANALYZER_NUMBER_OBJECT_CONVERSION = YES_AGGRESSIVE;
				CLANG_CXX_LANGUAGE_STANDARD = "gnu++20";
				CLANG_ENABLE_MODULES = YES;
				CLANG_ENABLE_OBJC_ARC = YES;
				CLANG_ENABLE_OBJC_WEAK = YES;
				CLANG_WARN_BLOCK_CAPTURE_AUTORELEASING = YES;
				CLANG_WARN_BOOL_CONVERSION = YES;
				CLANG_WARN_COMMA = YES;
				CLANG_WARN_CONSTANT_CONVERSION = YES;
				CLANG_WARN_DEPRECATED_OBJC_IMPLEMENTATIONS = YES;
				CLANG_WARN_DIRECT_OBJC_ISA_USAGE = YES_ERROR;
				CLANG_WARN_DOCUMENTATION_COMMENTS = YES;
				CLANG_WARN_EMPTY_BODY = YES;
				CLANG_WARN_ENUM_CONVERSION = YES;
				CLANG_WARN_INFINITE_RECURSION = YES;
				CLANG_WARN_INT_CONVERSION = YES;
				CLANG_WARN_NON_LITERAL_NULL_CONVERSION = YES;
				CLANG_WARN_OBJC_IMPLICIT_RETAIN_SELF = YES;
				CLANG_WARN_OBJC_LITERAL_CONVERSION = YES;
				CLANG_WARN_OBJC_ROOT_CLASS = YES_ERROR;
				CLANG_WARN_QUOTED_INCLUDE_IN_FRAMEWORK_HEADER = YES;
				CLANG_WARN_RANGE_LOOP_ANALYSIS = YES;
				CLANG_WARN_STRICT_PROTOTYPES = YES;
				CLANG_WARN_SUSPICIOUS_MOVE = YES;
				CLANG_WARN_UNGUARDED_AVAILABILITY = YES_AGGRESSIVE;
				CLANG_WARN_UNREACHABLE_CODE = YES;
				CLANG_WARN__DUPLICATE_METHOD_MATCH = YES;
				COPY_PHASE_STRIP = NO;
				DEBUG_INFORMATION_FORMAT = dwarf;
				ENABLE_STRICT_OBJC_MSGSEND = YES;
				ENABLE_TESTABILITY = YES;
				ENABLE_USER_SCRIPT_SANDBOXING = YES;
				GCC_C_LANGUAGE_STANDARD = gnu11;
				GCC_DYNAMIC_NO_PIC = NO;
				GCC_NO_COMMON_BLOCKS = YES;
				GCC_OPTIMIZATION_LEVEL = 0;
				GCC_PREPROCESSOR_DEFINITIONS = (
					"DEBUG=1",
					"$(inherited)",
				);
				GCC_WARN_64_TO_32_BIT_CONVERSION = YES;
				GCC_WARN_ABOUT_RETURN_TYPE = YES_ERROR;
				GCC_WARN_UNDECLARED_SELECTOR = YES;
				GCC_WARN_UNINITIALIZED_AUTOS = YES_AGGRESSIVE;
				GCC_WARN_UNUSED_FUNCTION = YES;
				GCC_WARN_UNUSED_VARIABLE = YES;
				IPHONEOS_DEPLOYMENT_TARGET = 16.1;
				MTL_ENABLE_DEBUG_INFO = INCLUDE_SOURCE;
				MTL_FAST_MATH = YES;
				ONLY_ACTIVE_ARCH = YES;
				SDKROOT = iphoneos;
				SWIFT_ACTIVE_COMPILATION_CONDITIONS = DEBUG;
				SWIFT_OPTIMIZATION_LEVEL = "-Onone";
			};
			name = Debug;
		};
		54F624AA2A1E22E9006C5474 /* Release */ = {
			isa = XCBuildConfiguration;
			buildSettings = {
				ALWAYS_SEARCH_USER_PATHS = NO;
				CLANG_ANALYZER_NONNULL = YES;
				CLANG_ANALYZER_NUMBER_OBJECT_CONVERSION = YES_AGGRESSIVE;
				CLANG_CXX_LANGUAGE_STANDARD = "gnu++20";
				CLANG_ENABLE_MODULES = YES;
				CLANG_ENABLE_OBJC_ARC = YES;
				CLANG_ENABLE_OBJC_WEAK = YES;
				CLANG_WARN_BLOCK_CAPTURE_AUTORELEASING = YES;
				CLANG_WARN_BOOL_CONVERSION = YES;
				CLANG_WARN_COMMA = YES;
				CLANG_WARN_CONSTANT_CONVERSION = YES;
				CLANG_WARN_DEPRECATED_OBJC_IMPLEMENTATIONS = YES;
				CLANG_WARN_DIRECT_OBJC_ISA_USAGE = YES_ERROR;
				CLANG_WARN_DOCUMENTATION_COMMENTS = YES;
				CLANG_WARN_EMPTY_BODY = YES;
				CLANG_WARN_ENUM_CONVERSION = YES;
				CLANG_WARN_INFINITE_RECURSION = YES;
				CLANG_WARN_INT_CONVERSION = YES;
				CLANG_WARN_NON_LITERAL_NULL_CONVERSION = YES;
				CLANG_WARN_OBJC_IMPLICIT_RETAIN_SELF = YES;
				CLANG_WARN_OBJC_LITERAL_CONVERSION = YES;
				CLANG_WARN_OBJC_ROOT_CLASS = YES_ERROR;
				CLANG_WARN_QUOTED_INCLUDE_IN_FRAMEWORK_HEADER = YES;
				CLANG_WARN_RANGE_LOOP_ANALYSIS = YES;
				CLANG_WARN_STRICT_PROTOTYPES = YES;
				CLANG_WARN_SUSPICIOUS_MOVE = YES;
				CLANG_WARN_UNGUARDED_AVAILABILITY = YES_AGGRESSIVE;
				CLANG_WARN_UNREACHABLE_CODE = YES;
				CLANG_WARN__DUPLICATE_METHOD_MATCH = YES;
				COPY_PHASE_STRIP = NO;
				DEBUG_INFORMATION_FORMAT = "dwarf-with-dsym";
				ENABLE_NS_ASSERTIONS = NO;
				ENABLE_STRICT_OBJC_MSGSEND = YES;
				ENABLE_USER_SCRIPT_SANDBOXING = YES;
				GCC_C_LANGUAGE_STANDARD = gnu11;
				GCC_NO_COMMON_BLOCKS = YES;
				GCC_WARN_64_TO_32_BIT_CONVERSION = YES;
				GCC_WARN_ABOUT_RETURN_TYPE = YES_ERROR;
				GCC_WARN_UNDECLARED_SELECTOR = YES;
				GCC_WARN_UNINITIALIZED_AUTOS = YES_AGGRESSIVE;
				GCC_WARN_UNUSED_FUNCTION = YES;
				GCC_WARN_UNUSED_VARIABLE = YES;
				IPHONEOS_DEPLOYMENT_TARGET = 16.1;
				MTL_ENABLE_DEBUG_INFO = NO;
				MTL_FAST_MATH = YES;
				SDKROOT = iphoneos;
				SWIFT_COMPILATION_MODE = wholemodule;
				SWIFT_OPTIMIZATION_LEVEL = "-O";
				VALIDATE_PRODUCT = YES;
			};
			name = Release;
		};
		54F624AC2A1E22E9006C5474 /* Debug */ = {
			isa = XCBuildConfiguration;
			buildSettings = {
				ASSETCATALOG_COMPILER_APPICON_NAME = AppIcon;
				ASSETCATALOG_COMPILER_GLOBAL_ACCENT_COLOR_NAME = AccentColor;
				CODE_SIGN_STYLE = Automatic;
				CURRENT_PROJECT_VERSION = 1;
				DEVELOPMENT_ASSET_PATHS = "\"StudyApp/Preview Content\"";
				ENABLE_PREVIEWS = YES;
				GENERATE_INFOPLIST_FILE = YES;
				INFOPLIST_KEY_UIApplicationSceneManifest_Generation = YES;
				INFOPLIST_KEY_UIApplicationSupportsIndirectInputEvents = YES;
				INFOPLIST_KEY_UILaunchScreen_Generation = YES;
				INFOPLIST_KEY_UISupportedInterfaceOrientations_iPad = "UIInterfaceOrientationPortrait UIInterfaceOrientationPortraitUpsideDown UIInterfaceOrientationLandscapeLeft UIInterfaceOrientationLandscapeRight";
				INFOPLIST_KEY_UISupportedInterfaceOrientations_iPhone = "UIInterfaceOrientationPortrait UIInterfaceOrientationLandscapeLeft UIInterfaceOrientationLandscapeRight";
				LD_RUNPATH_SEARCH_PATHS = (
					"$(inherited)",
					"@executable_path/Frameworks",
				);
				MARKETING_VERSION = 1.0;
				PRODUCT_BUNDLE_IDENTIFIER = com.litech.StudyApp;
				PRODUCT_NAME = "$(TARGET_NAME)";
				SWIFT_EMIT_LOC_STRINGS = YES;
				SWIFT_VERSION = 5.0;
				TARGETED_DEVICE_FAMILY = "1,2";
			};
			name = Debug;
		};
		54F624AD2A1E22E9006C5474 /* Release */ = {
			isa = XCBuildConfiguration;
			buildSettings = {
				ASSETCATALOG_COMPILER_APPICON_NAME = AppIcon;
				ASSETCATALOG_COMPILER_GLOBAL_ACCENT_COLOR_NAME = AccentColor;
				CODE_SIGN_STYLE = Automatic;
				CURRENT_PROJECT_VERSION = 1;
				DEVELOPMENT_ASSET_PATHS = "\"StudyApp/Preview Content\"";
				ENABLE_PREVIEWS = YES;
				GENERATE_INFOPLIST_FILE = YES;
				INFOPLIST_KEY_UIApplicationSceneManifest_Generation = YES;
				INFOPLIST_KEY_UIApplicationSupportsIndirectInputEvents = YES;
				INFOPLIST_KEY_UILaunchScreen_Generation = YES;
				INFOPLIST_KEY_UISupportedInterfaceOrientations_iPad = "UIInterfaceOrientationPortrait UIInterfaceOrientationPortraitUpsideDown UIInterfaceOrientationLandscapeLeft UIInterfaceOrientationLandscapeRight";
				INFOPLIST_KEY_UISupportedInterfaceOrientations_iPhone = "UIInterfaceOrientationPortrait UIInterfaceOrientationLandscapeLeft UIInterfaceOrientationLandscapeRight";
				LD_RUNPATH_SEARCH_PATHS = (
					"$(inherited)",
					"@executable_path/Frameworks",
				);
				MARKETING_VERSION = 1.0;
				PRODUCT_BUNDLE_IDENTIFIER = com.litech.StudyApp;
				PRODUCT_NAME = "$(TARGET_NAME)";
				SWIFT_EMIT_LOC_STRINGS = YES;
				SWIFT_VERSION = 5.0;
				TARGETED_DEVICE_FAMILY = "1,2";
			};
			name = Release;
		};
		54F624AF2A1E22E9006C5474 /* Debug */ = {
			isa = XCBuildConfiguration;
			buildSettings = {
				ALWAYS_EMBED_SWIFT_STANDARD_LIBRARIES = YES;
				BUNDLE_LOADER = "$(TEST_HOST)";
				CODE_SIGN_STYLE = Automatic;
				CURRENT_PROJECT_VERSION = 1;
				GENERATE_INFOPLIST_FILE = YES;
				IPHONEOS_DEPLOYMENT_TARGET = 16.1;
				MARKETING_VERSION = 1.0;
				PRODUCT_BUNDLE_IDENTIFIER = com.litech.StudyAppTests;
				PRODUCT_NAME = "$(TARGET_NAME)";
				SWIFT_EMIT_LOC_STRINGS = NO;
				SWIFT_VERSION = 5.0;
				TARGETED_DEVICE_FAMILY = "1,2";
				TEST_HOST = "$(BUILT_PRODUCTS_DIR)/StudyApp.app/$(BUNDLE_EXECUTABLE_FOLDER_PATH)/StudyApp";
			};
			name = Debug;
		};
		54F624B02A1E22E9006C5474 /* Release */ = {
			isa = XCBuildConfiguration;
			buildSettings = {
				ALWAYS_EMBED_SWIFT_STANDARD_LIBRARIES = YES;
				BUNDLE_LOADER = "$(TEST_HOST)";
				CODE_SIGN_STYLE = Automatic;
				CURRENT_PROJECT_VERSION = 1;
				GENERATE_INFOPLIST_FILE = YES;
				IPHONEOS_DEPLOYMENT_TARGET = 16.1;
				MARKETING_VERSION = 1.0;
				PRODUCT_BUNDLE_IDENTIFIER = com.litech.StudyAppTests;
				PRODUCT_NAME = "$(TARGET_NAME)";
				SWIFT_EMIT_LOC_STRINGS = NO;
				SWIFT_VERSION = 5.0;
				TARGETED_DEVICE_FAMILY = "1,2";
				TEST_HOST = "$(BUILT_PRODUCTS_DIR)/StudyApp.app/$(BUNDLE_EXECUTABLE_FOLDER_PATH)/StudyApp";
			};
			name = Release;
		};
		54F624B22A1E22E9006C5474 /* Debug */ = {
			isa = XCBuildConfiguration;
			buildSettings = {
				ALWAYS_EMBED_SWIFT_STANDARD_LIBRARIES = YES;
				CODE_SIGN_STYLE = Automatic;
				CURRENT_PROJECT_VERSION = 1;
				GENERATE_INFOPLIST_FILE = YES;
				MARKETING_VERSION = 1.0;
				PRODUCT_BUNDLE_IDENTIFIER = com.litech.StudyAppUITests;
				PRODUCT_NAME = "$(TARGET_NAME)";
				SWIFT_EMIT_LOC_STRINGS = NO;
				SWIFT_VERSION = 5.0;
				TARGETED_DEVICE_FAMILY = "1,2";
				TEST_TARGET_NAME = StudyApp;
			};
			name = Debug;
		};
		54F624B32A1E22E9006C5474 /* Release */ = {
			isa = XCBuildConfiguration;
			buildSettings = {
				ALWAYS_EMBED_SWIFT_STANDARD_LIBRARIES = YES;
				CODE_SIGN_STYLE = Automatic;
				CURRENT_PROJECT_VERSION = 1;
				GENERATE_INFOPLIST_FILE = YES;
				MARKETING_VERSION = 1.0;
				PRODUCT_BUNDLE_IDENTIFIER = com.litech.StudyAppUITests;
				PRODUCT_NAME = "$(TARGET_NAME)";
				SWIFT_EMIT_LOC_STRINGS = NO;
				SWIFT_VERSION = 5.0;
				TARGETED_DEVICE_FAMILY = "1,2";
				TEST_TARGET_NAME = StudyApp;
			};
			name = Release;
		};
/* End XCBuildConfiguration section */

/* Begin XCConfigurationList section */
		54F624822A1E22E5006C5474 /* Build configuration list for PBXProject "StudyApp" */ = {
			isa = XCConfigurationList;
			buildConfigurations = (
				54F624A92A1E22E9006C5474 /* Debug */,
				54F624AA2A1E22E9006C5474 /* Release */,
			);
			defaultConfigurationIsVisible = 0;
			defaultConfigurationName = Release;
		};
		54F624AB2A1E22E9006C5474 /* Build configuration list for PBXNativeTarget "StudyApp" */ = {
			isa = XCConfigurationList;
			buildConfigurations = (
				54F624AC2A1E22E9006C5474 /* Debug */,
				54F624AD2A1E22E9006C5474 /* Release */,
			);
			defaultConfigurationIsVisible = 0;
			defaultConfigurationName = Release;
		};
		54F624AE2A1E22E9006C5474 /* Build configuration list for PBXNativeTarget "StudyAppTests" */ = {
			isa = XCConfigurationList;
			buildConfigurations = (
				54F624AF2A1E22E9006C5474 /* Debug */,
				54F624B02A1E22E9006C5474 /* Release */,
			);
			defaultConfigurationIsVisible = 0;
			defaultConfigurationName = Release;
		};
		54F624B12A1E22E9006C5474 /* Build configuration list for PBXNativeTarget "StudyAppUITests" */ = {
			isa = XCConfigurationList;
			buildConfigurations = (
				54F624B22A1E22E9006C5474 /* Debug */,
				54F624B32A1E22E9006C5474 /* Release */,
			);
			defaultConfigurationIsVisible = 0;
			defaultConfigurationName = Release;
		};
/* End XCConfigurationList section */
	};
	rootObject = 54F6247F2A1E22E5006C5474 /* Project object */;
}
